// !$*UTF8*$!
{
	archiveVersion = 1;
	classes = {
	};
	objectVersion = 46;
	objects = {

/* Begin PBXBuildFile section */
		1FC568451DECC2ED001BB987 /* LocationTable.swift in Sources */ = {isa = PBXBuildFile; fileRef = 1FC568441DECC2ED001BB987 /* LocationTable.swift */; };
		1FC568471DECC2FE001BB987 /* LocationCoreData.swift in Sources */ = {isa = PBXBuildFile; fileRef = 1FC568461DECC2FE001BB987 /* LocationCoreData.swift */; };
		1FC568491DECC446001BB987 /* LoginTable.swift in Sources */ = {isa = PBXBuildFile; fileRef = 1FC568481DECC446001BB987 /* LoginTable.swift */; };
		1FC5684B1DECC454001BB987 /* LoginCoreData.swift in Sources */ = {isa = PBXBuildFile; fileRef = 1FC5684A1DECC454001BB987 /* LoginCoreData.swift */; };
		1FC5684D1DECC463001BB987 /* StepsTable.swift in Sources */ = {isa = PBXBuildFile; fileRef = 1FC5684C1DECC463001BB987 /* StepsTable.swift */; };
		1FC5684F1DECC46E001BB987 /* StepsCoreData.swift in Sources */ = {isa = PBXBuildFile; fileRef = 1FC5684E1DECC46E001BB987 /* StepsCoreData.swift */; };
		1FC568511DECC47E001BB987 /* StudentTaskLocalTable.swift in Sources */ = {isa = PBXBuildFile; fileRef = 1FC568501DECC47E001BB987 /* StudentTaskLocalTable.swift */; };
		1FC568531DECC48D001BB987 /* StudentTaskLocalCoreData.swift in Sources */ = {isa = PBXBuildFile; fileRef = 1FC568521DECC48D001BB987 /* StudentTaskLocalCoreData.swift */; };
		1FC568571DECC4C0001BB987 /* TaskStepTable.swift in Sources */ = {isa = PBXBuildFile; fileRef = 1FC568561DECC4C0001BB987 /* TaskStepTable.swift */; };
		1FC568591DECC4D9001BB987 /* TaskStepCoreData.swift in Sources */ = {isa = PBXBuildFile; fileRef = 1FC568581DECC4D9001BB987 /* TaskStepCoreData.swift */; };
		1FC5685B1DECC4E9001BB987 /* TaskTable.swift in Sources */ = {isa = PBXBuildFile; fileRef = 1FC5685A1DECC4E9001BB987 /* TaskTable.swift */; };
		1FC5685D1DECC4F6001BB987 /* TaskCoreData.swift in Sources */ = {isa = PBXBuildFile; fileRef = 1FC5685C1DECC4F6001BB987 /* TaskCoreData.swift */; };
		1FC568631DEE80F5001BB987 /* AllTasksController.swift in Sources */ = {isa = PBXBuildFile; fileRef = 1FC568621DEE80F5001BB987 /* AllTasksController.swift */; };
		1FC568671DEE8587001BB987 /* AllTasksCell.swift in Sources */ = {isa = PBXBuildFile; fileRef = 1FC568661DEE8587001BB987 /* AllTasksCell.swift */; };
		1FC568691DEF2985001BB987 /* Navigation-CoreData-Controller.swift in Sources */ = {isa = PBXBuildFile; fileRef = 1FC568681DEF2985001BB987 /* Navigation-CoreData-Controller.swift */; };
		1FC5686B1DEF43F6001BB987 /* GetStepTableData.swift in Sources */ = {isa = PBXBuildFile; fileRef = 1FC5686A1DEF43F6001BB987 /* GetStepTableData.swift */; };
		1FC5686F1DEF5724001BB987 /* StepsModel.swift in Sources */ = {isa = PBXBuildFile; fileRef = 1FC5686E1DEF5724001BB987 /* StepsModel.swift */; };
		1FC568711DF0F9D4001BB987 /* GetTaskTableData.swift in Sources */ = {isa = PBXBuildFile; fileRef = 1FC568701DF0F9D4001BB987 /* GetTaskTableData.swift */; };
		1FC568731DF125B1001BB987 /* GetLocationTable.swift in Sources */ = {isa = PBXBuildFile; fileRef = 1FC568721DF125B1001BB987 /* GetLocationTable.swift */; };
		3729C7671DD394D500A920DC /* AppDelegate.swift in Sources */ = {isa = PBXBuildFile; fileRef = 3729C7661DD394D500A920DC /* AppDelegate.swift */; };
		3729C7691DD394D500A920DC /* ViewController.swift in Sources */ = {isa = PBXBuildFile; fileRef = 3729C7681DD394D500A920DC /* ViewController.swift */; };
		3729C76C1DD394D500A920DC /* Main.storyboard in Resources */ = {isa = PBXBuildFile; fileRef = 3729C76A1DD394D500A920DC /* Main.storyboard */; };
		3729C76F1DD394D600A920DC /* TaskAnalysis.xcdatamodeld in Sources */ = {isa = PBXBuildFile; fileRef = 3729C76D1DD394D600A920DC /* TaskAnalysis.xcdatamodeld */; };
		3729C7741DD394D600A920DC /* LaunchScreen.storyboard in Resources */ = {isa = PBXBuildFile; fileRef = 3729C7721DD394D600A920DC /* LaunchScreen.storyboard */; };
		374FE9E31DDA3C7B000312C4 /* StepCell.swift in Sources */ = {isa = PBXBuildFile; fileRef = 374FE9E21DDA3C7B000312C4 /* StepCell.swift */; };
		374FE9E51DDA542F000312C4 /* PictureAudioView.swift in Sources */ = {isa = PBXBuildFile; fileRef = 374FE9E41DDA542F000312C4 /* PictureAudioView.swift */; };
		37A17B151DDA1E5900F3FF04 /* PicturesTab.swift in Sources */ = {isa = PBXBuildFile; fileRef = 37A17B141DDA1E5900F3FF04 /* PicturesTab.swift */; };
		37A17B171DDA1E6B00F3FF04 /* VideoTab.swift in Sources */ = {isa = PBXBuildFile; fileRef = 37A17B161DDA1E6B00F3FF04 /* VideoTab.swift */; };
		37D9C0781DD93CE500EAAA4B /* CustomCollectionViewCell.swift in Sources */ = {isa = PBXBuildFile; fileRef = 37D9C0771DD93CE500EAAA4B /* CustomCollectionViewCell.swift */; };
		37FC93811DDACF0D0067AC77 /* Assets.xcassets in Resources */ = {isa = PBXBuildFile; fileRef = 37FC93801DDACF0D0067AC77 /* Assets.xcassets */; };
		382BD0731DDDFA9000986339 /* MapViewController.swift in Sources */ = {isa = PBXBuildFile; fileRef = 382BD0721DDDFA9000986339 /* MapViewController.swift */; };
		382D64251DF0E2BA00124531 /* phoneNumController.swift in Sources */ = {isa = PBXBuildFile; fileRef = 382D64241DF0E2B900124531 /* phoneNumController.swift */; };
		3891188A1DEE543200107F3A /* test.mp3 in Resources */ = {isa = PBXBuildFile; fileRef = 389118891DEE543200107F3A /* test.mp3 */; };
		3891188E1DEE724900107F3A /* Campus.gpx in Resources */ = {isa = PBXBuildFile; fileRef = 3891188D1DEE724900107F3A /* Campus.gpx */; };
/* End PBXBuildFile section */

/* Begin PBXFileReference section */
		1FC568441DECC2ED001BB987 /* LocationTable.swift */ = {isa = PBXFileReference; fileEncoding = 4; lastKnownFileType = sourcecode.swift; path = LocationTable.swift; sourceTree = "<group>"; };
		1FC568461DECC2FE001BB987 /* LocationCoreData.swift */ = {isa = PBXFileReference; fileEncoding = 4; lastKnownFileType = sourcecode.swift; path = LocationCoreData.swift; sourceTree = "<group>"; };
		1FC568481DECC446001BB987 /* LoginTable.swift */ = {isa = PBXFileReference; fileEncoding = 4; lastKnownFileType = sourcecode.swift; path = LoginTable.swift; sourceTree = "<group>"; };
		1FC5684A1DECC454001BB987 /* LoginCoreData.swift */ = {isa = PBXFileReference; fileEncoding = 4; lastKnownFileType = sourcecode.swift; path = LoginCoreData.swift; sourceTree = "<group>"; };
		1FC5684C1DECC463001BB987 /* StepsTable.swift */ = {isa = PBXFileReference; fileEncoding = 4; lastKnownFileType = sourcecode.swift; path = StepsTable.swift; sourceTree = "<group>"; };
		1FC5684E1DECC46E001BB987 /* StepsCoreData.swift */ = {isa = PBXFileReference; fileEncoding = 4; lastKnownFileType = sourcecode.swift; path = StepsCoreData.swift; sourceTree = "<group>"; };
		1FC568501DECC47E001BB987 /* StudentTaskLocalTable.swift */ = {isa = PBXFileReference; fileEncoding = 4; lastKnownFileType = sourcecode.swift; path = StudentTaskLocalTable.swift; sourceTree = "<group>"; };
		1FC568521DECC48D001BB987 /* StudentTaskLocalCoreData.swift */ = {isa = PBXFileReference; fileEncoding = 4; lastKnownFileType = sourcecode.swift; path = StudentTaskLocalCoreData.swift; sourceTree = "<group>"; };
		1FC568561DECC4C0001BB987 /* TaskStepTable.swift */ = {isa = PBXFileReference; fileEncoding = 4; lastKnownFileType = sourcecode.swift; path = TaskStepTable.swift; sourceTree = "<group>"; };
		1FC568581DECC4D9001BB987 /* TaskStepCoreData.swift */ = {isa = PBXFileReference; fileEncoding = 4; lastKnownFileType = sourcecode.swift; path = TaskStepCoreData.swift; sourceTree = "<group>"; };
		1FC5685A1DECC4E9001BB987 /* TaskTable.swift */ = {isa = PBXFileReference; fileEncoding = 4; lastKnownFileType = sourcecode.swift; path = TaskTable.swift; sourceTree = "<group>"; };
		1FC5685C1DECC4F6001BB987 /* TaskCoreData.swift */ = {isa = PBXFileReference; fileEncoding = 4; lastKnownFileType = sourcecode.swift; path = TaskCoreData.swift; sourceTree = "<group>"; };
		1FC568621DEE80F5001BB987 /* AllTasksController.swift */ = {isa = PBXFileReference; fileEncoding = 4; lastKnownFileType = sourcecode.swift; path = AllTasksController.swift; sourceTree = "<group>"; };
		1FC568661DEE8587001BB987 /* AllTasksCell.swift */ = {isa = PBXFileReference; fileEncoding = 4; lastKnownFileType = sourcecode.swift; path = AllTasksCell.swift; sourceTree = "<group>"; };
		1FC568681DEF2985001BB987 /* Navigation-CoreData-Controller.swift */ = {isa = PBXFileReference; fileEncoding = 4; lastKnownFileType = sourcecode.swift; path = "Navigation-CoreData-Controller.swift"; sourceTree = "<group>"; };
		1FC5686A1DEF43F6001BB987 /* GetStepTableData.swift */ = {isa = PBXFileReference; fileEncoding = 4; lastKnownFileType = sourcecode.swift; path = GetStepTableData.swift; sourceTree = "<group>"; };
		1FC5686E1DEF5724001BB987 /* StepsModel.swift */ = {isa = PBXFileReference; fileEncoding = 4; lastKnownFileType = sourcecode.swift; path = StepsModel.swift; sourceTree = "<group>"; };
		1FC568701DF0F9D4001BB987 /* GetTaskTableData.swift */ = {isa = PBXFileReference; fileEncoding = 4; lastKnownFileType = sourcecode.swift; path = GetTaskTableData.swift; sourceTree = "<group>"; };
		1FC568721DF125B1001BB987 /* GetLocationTable.swift */ = {isa = PBXFileReference; fileEncoding = 4; lastKnownFileType = sourcecode.swift; path = GetLocationTable.swift; sourceTree = "<group>"; };
		3729C7631DD394D500A920DC /* TaskAnalysis.app */ = {isa = PBXFileReference; explicitFileType = wrapper.application; includeInIndex = 0; path = TaskAnalysis.app; sourceTree = BUILT_PRODUCTS_DIR; };
		3729C7661DD394D500A920DC /* AppDelegate.swift */ = {isa = PBXFileReference; lastKnownFileType = sourcecode.swift; path = AppDelegate.swift; sourceTree = "<group>"; };
		3729C7681DD394D500A920DC /* ViewController.swift */ = {isa = PBXFileReference; lastKnownFileType = sourcecode.swift; path = ViewController.swift; sourceTree = "<group>"; };
		3729C76B1DD394D500A920DC /* Base */ = {isa = PBXFileReference; lastKnownFileType = file.storyboard; name = Base; path = Base.lproj/Main.storyboard; sourceTree = "<group>"; };
		3729C76E1DD394D600A920DC /* TaskAnalysis.xcdatamodel */ = {isa = PBXFileReference; lastKnownFileType = wrapper.xcdatamodel; path = TaskAnalysis.xcdatamodel; sourceTree = "<group>"; };
		3729C7731DD394D600A920DC /* Base */ = {isa = PBXFileReference; lastKnownFileType = file.storyboard; name = Base; path = Base.lproj/LaunchScreen.storyboard; sourceTree = "<group>"; };
		3729C7751DD394D600A920DC /* Info.plist */ = {isa = PBXFileReference; lastKnownFileType = text.plist.xml; path = Info.plist; sourceTree = "<group>"; };
		374FE9E21DDA3C7B000312C4 /* StepCell.swift */ = {isa = PBXFileReference; fileEncoding = 4; lastKnownFileType = sourcecode.swift; path = StepCell.swift; sourceTree = "<group>"; };
		374FE9E41DDA542F000312C4 /* PictureAudioView.swift */ = {isa = PBXFileReference; fileEncoding = 4; lastKnownFileType = sourcecode.swift; path = PictureAudioView.swift; sourceTree = "<group>"; };
		37A17B141DDA1E5900F3FF04 /* PicturesTab.swift */ = {isa = PBXFileReference; fileEncoding = 4; lastKnownFileType = sourcecode.swift; path = PicturesTab.swift; sourceTree = "<group>"; };
		37A17B161DDA1E6B00F3FF04 /* VideoTab.swift */ = {isa = PBXFileReference; fileEncoding = 4; lastKnownFileType = sourcecode.swift; path = VideoTab.swift; sourceTree = "<group>"; };
		37D9C0771DD93CE500EAAA4B /* CustomCollectionViewCell.swift */ = {isa = PBXFileReference; fileEncoding = 4; lastKnownFileType = sourcecode.swift; path = CustomCollectionViewCell.swift; sourceTree = "<group>"; };
		37FC937D1DDABD010067AC77 /* test.m4v */ = {isa = PBXFileReference; lastKnownFileType = file; path = test.m4v; sourceTree = "<group>"; };
		37FC93801DDACF0D0067AC77 /* Assets.xcassets */ = {isa = PBXFileReference; lastKnownFileType = folder.assetcatalog; path = Assets.xcassets; sourceTree = "<group>"; };
		382BD0721DDDFA9000986339 /* MapViewController.swift */ = {isa = PBXFileReference; fileEncoding = 4; lastKnownFileType = sourcecode.swift; path = MapViewController.swift; sourceTree = "<group>"; };
		382D64241DF0E2B900124531 /* phoneNumController.swift */ = {isa = PBXFileReference; fileEncoding = 4; lastKnownFileType = sourcecode.swift; path = phoneNumController.swift; sourceTree = "<group>"; };
		389118891DEE543200107F3A /* test.mp3 */ = {isa = PBXFileReference; lastKnownFileType = audio.mp3; path = test.mp3; sourceTree = "<group>"; };
		3891188D1DEE724900107F3A /* Campus.gpx */ = {isa = PBXFileReference; fileEncoding = 4; lastKnownFileType = text.xml; path = Campus.gpx; sourceTree = "<group>"; };
/* End PBXFileReference section */

/* Begin PBXFrameworksBuildPhase section */
		3729C7601DD394D500A920DC /* Frameworks */ = {
			isa = PBXFrameworksBuildPhase;
			buildActionMask = 2147483647;
			files = (
			);
			runOnlyForDeploymentPostprocessing = 0;
		};
/* End PBXFrameworksBuildPhase section */

/* Begin PBXGroup section */
		1FC5686C1DEF47E0001BB987 /* ViewControllers */ = {
			isa = PBXGroup;
			children = (
				3729C7681DD394D500A920DC /* ViewController.swift */,
				37A17B161DDA1E6B00F3FF04 /* VideoTab.swift */,
				37A17B141DDA1E5900F3FF04 /* PicturesTab.swift */,
				374FE9E41DDA542F000312C4 /* PictureAudioView.swift */,
				374FE9E21DDA3C7B000312C4 /* StepCell.swift */,
				382BD0721DDDFA9000986339 /* MapViewController.swift */,
				1FC568681DEF2985001BB987 /* Navigation-CoreData-Controller.swift */,
				37D9C0771DD93CE500EAAA4B /* CustomCollectionViewCell.swift */,
				382D64241DF0E2B900124531 /* phoneNumController.swift */,
				1FC568621DEE80F5001BB987 /* AllTasksController.swift */,
				1FC568661DEE8587001BB987 /* AllTasksCell.swift */,
			);
			name = ViewControllers;
			sourceTree = "<group>";
		};
		1FC5686D1DEF482D001BB987 /* CoreData */ = {
			isa = PBXGroup;
			children = (
				1FC568441DECC2ED001BB987 /* LocationTable.swift */,
				1FC568461DECC2FE001BB987 /* LocationCoreData.swift */,
				1FC568721DF125B1001BB987 /* GetLocationTable.swift */,
				1FC568481DECC446001BB987 /* LoginTable.swift */,
				1FC5684A1DECC454001BB987 /* LoginCoreData.swift */,
				1FC568501DECC47E001BB987 /* StudentTaskLocalTable.swift */,
				1FC568521DECC48D001BB987 /* StudentTaskLocalCoreData.swift */,
				1FC568561DECC4C0001BB987 /* TaskStepTable.swift */,
				1FC568581DECC4D9001BB987 /* TaskStepCoreData.swift */,
				1FC5685A1DECC4E9001BB987 /* TaskTable.swift */,
				1FC5685C1DECC4F6001BB987 /* TaskCoreData.swift */,
				1FC568701DF0F9D4001BB987 /* GetTaskTableData.swift */,
				1FC5686A1DEF43F6001BB987 /* GetStepTableData.swift */,
				1FC5684E1DECC46E001BB987 /* StepsCoreData.swift */,
				1FC5684C1DECC463001BB987 /* StepsTable.swift */,
				1FC5686E1DEF5724001BB987 /* StepsModel.swift */,
			);
			name = CoreData;
			sourceTree = "<group>";
		};
		3729C75A1DD394D500A920DC = {
			isa = PBXGroup;
			children = (
				3729C7651DD394D500A920DC /* TaskAnalysis */,
				3729C7641DD394D500A920DC /* Products */,
			);
			sourceTree = "<group>";
		};
		3729C7641DD394D500A920DC /* Products */ = {
			isa = PBXGroup;
			children = (
				3729C7631DD394D500A920DC /* TaskAnalysis.app */,
			);
			name = Products;
			sourceTree = "<group>";
		};
		3729C7651DD394D500A920DC /* TaskAnalysis */ = {
			isa = PBXGroup;
			children = (
				3729C7661DD394D500A920DC /* AppDelegate.swift */,
				1FC5686C1DEF47E0001BB987 /* ViewControllers */,
				3729C76A1DD394D500A920DC /* Main.storyboard */,
				37FC93801DDACF0D0067AC77 /* Assets.xcassets */,
				3729C7721DD394D600A920DC /* LaunchScreen.storyboard */,
				3729C7751DD394D600A920DC /* Info.plist */,
				389118891DEE543200107F3A /* test.mp3 */,
				3891188D1DEE724900107F3A /* Campus.gpx */,
				3729C76D1DD394D600A920DC /* TaskAnalysis.xcdatamodeld */,
				37FC937D1DDABD010067AC77 /* test.m4v */,
				1FC5686D1DEF482D001BB987 /* CoreData */,
			);
			path = TaskAnalysis;
			sourceTree = "<group>";
		};
/* End PBXGroup section */

/* Begin PBXNativeTarget section */
		3729C7621DD394D500A920DC /* TaskAnalysis */ = {
			isa = PBXNativeTarget;
			buildConfigurationList = 3729C7781DD394D600A920DC /* Build configuration list for PBXNativeTarget "TaskAnalysis" */;
			buildPhases = (
				3729C75F1DD394D500A920DC /* Sources */,
				3729C7601DD394D500A920DC /* Frameworks */,
				3729C7611DD394D500A920DC /* Resources */,
			);
			buildRules = (
			);
			dependencies = (
			);
			name = TaskAnalysis;
			productName = TaskAnalysis;
			productReference = 3729C7631DD394D500A920DC /* TaskAnalysis.app */;
			productType = "com.apple.product-type.application";
		};
/* End PBXNativeTarget section */

/* Begin PBXProject section */
		3729C75B1DD394D500A920DC /* Project object */ = {
			isa = PBXProject;
			attributes = {
				LastSwiftUpdateCheck = 0730;
				LastUpgradeCheck = 0730;
				ORGANIZATIONNAME = "Greg Gettings";
				TargetAttributes = {
					3729C7621DD394D500A920DC = {
						CreatedOnToolsVersion = 7.3.1;
					};
				};
			};
			buildConfigurationList = 3729C75E1DD394D500A920DC /* Build configuration list for PBXProject "TaskAnalysis" */;
			compatibilityVersion = "Xcode 3.2";
			developmentRegion = English;
			hasScannedForEncodings = 0;
			knownRegions = (
				en,
				Base,
			);
			mainGroup = 3729C75A1DD394D500A920DC;
			productRefGroup = 3729C7641DD394D500A920DC /* Products */;
			projectDirPath = "";
			projectRoot = "";
			targets = (
				3729C7621DD394D500A920DC /* TaskAnalysis */,
			);
		};
/* End PBXProject section */

/* Begin PBXResourcesBuildPhase section */
		3729C7611DD394D500A920DC /* Resources */ = {
			isa = PBXResourcesBuildPhase;
			buildActionMask = 2147483647;
			files = (
				37FC93811DDACF0D0067AC77 /* Assets.xcassets in Resources */,
				3891188A1DEE543200107F3A /* test.mp3 in Resources */,
				3729C7741DD394D600A920DC /* LaunchScreen.storyboard in Resources */,
				3891188E1DEE724900107F3A /* Campus.gpx in Resources */,
				3729C76C1DD394D500A920DC /* Main.storyboard in Resources */,
			);
			runOnlyForDeploymentPostprocessing = 0;
		};
/* End PBXResourcesBuildPhase section */

/* Begin PBXSourcesBuildPhase section */
		3729C75F1DD394D500A920DC /* Sources */ = {
			isa = PBXSourcesBuildPhase;
			buildActionMask = 2147483647;
			files = (
				1FC568691DEF2985001BB987 /* Navigation-CoreData-Controller.swift in Sources */,
				1FC5684B1DECC454001BB987 /* LoginCoreData.swift in Sources */,
				1FC568531DECC48D001BB987 /* StudentTaskLocalCoreData.swift in Sources */,
				1FC568491DECC446001BB987 /* LoginTable.swift in Sources */,
				1FC5684D1DECC463001BB987 /* StepsTable.swift in Sources */,
				1FC568671DEE8587001BB987 /* AllTasksCell.swift in Sources */,
				1FC568591DECC4D9001BB987 /* TaskStepCoreData.swift in Sources */,
				1FC568511DECC47E001BB987 /* StudentTaskLocalTable.swift in Sources */,
				37A17B151DDA1E5900F3FF04 /* PicturesTab.swift in Sources */,
				1FC5686F1DEF5724001BB987 /* StepsModel.swift in Sources */,
				374FE9E31DDA3C7B000312C4 /* StepCell.swift in Sources */,
				382D64251DF0E2BA00124531 /* phoneNumController.swift in Sources */,
				1FC568631DEE80F5001BB987 /* AllTasksController.swift in Sources */,
				374FE9E51DDA542F000312C4 /* PictureAudioView.swift in Sources */,
				1FC5685B1DECC4E9001BB987 /* TaskTable.swift in Sources */,
				1FC5686B1DEF43F6001BB987 /* GetStepTableData.swift in Sources */,
				1FC568471DECC2FE001BB987 /* LocationCoreData.swift in Sources */,
				3729C76F1DD394D600A920DC /* TaskAnalysis.xcdatamodeld in Sources */,
				382BD0731DDDFA9000986339 /* MapViewController.swift in Sources */,
				1FC568451DECC2ED001BB987 /* LocationTable.swift in Sources */,
				3729C7691DD394D500A920DC /* ViewController.swift in Sources */,
				1FC568711DF0F9D4001BB987 /* GetTaskTableData.swift in Sources */,
				1FC568731DF125B1001BB987 /* GetLocationTable.swift in Sources */,
				1FC568571DECC4C0001BB987 /* TaskStepTable.swift in Sources */,
				37A17B171DDA1E6B00F3FF04 /* VideoTab.swift in Sources */,
				3729C7671DD394D500A920DC /* AppDelegate.swift in Sources */,
				1FC5685D1DECC4F6001BB987 /* TaskCoreData.swift in Sources */,
				37D9C0781DD93CE500EAAA4B /* CustomCollectionViewCell.swift in Sources */,
				1FC5684F1DECC46E001BB987 /* StepsCoreData.swift in Sources */,
			);
			runOnlyForDeploymentPostprocessing = 0;
		};
/* End PBXSourcesBuildPhase section */

/* Begin PBXVariantGroup section */
		3729C76A1DD394D500A920DC /* Main.storyboard */ = {
			isa = PBXVariantGroup;
			children = (
				3729C76B1DD394D500A920DC /* Base */,
			);
			name = Main.storyboard;
			sourceTree = "<group>";
		};
		3729C7721DD394D600A920DC /* LaunchScreen.storyboard */ = {
			isa = PBXVariantGroup;
			children = (
				3729C7731DD394D600A920DC /* Base */,
			);
			name = LaunchScreen.storyboard;
			sourceTree = "<group>";
		};
/* End PBXVariantGroup section */

/* Begin XCBuildConfiguration section */
		3729C7761DD394D600A920DC /* Debug */ = {
			isa = XCBuildConfiguration;
			buildSettings = {
				ALWAYS_SEARCH_USER_PATHS = NO;
				CLANG_ANALYZER_NONNULL = YES;
				CLANG_CXX_LANGUAGE_STANDARD = "gnu++0x";
				CLANG_CXX_LIBRARY = "libc++";
				CLANG_ENABLE_MODULES = YES;
				CLANG_ENABLE_OBJC_ARC = YES;
				CLANG_WARN_BOOL_CONVERSION = YES;
				CLANG_WARN_CONSTANT_CONVERSION = YES;
				CLANG_WARN_DIRECT_OBJC_ISA_USAGE = YES_ERROR;
				CLANG_WARN_EMPTY_BODY = YES;
				CLANG_WARN_ENUM_CONVERSION = YES;
				CLANG_WARN_INT_CONVERSION = YES;
				CLANG_WARN_OBJC_ROOT_CLASS = YES_ERROR;
				CLANG_WARN_UNREACHABLE_CODE = YES;
				CLANG_WARN__DUPLICATE_METHOD_MATCH = YES;
				"CODE_SIGN_IDENTITY[sdk=iphoneos*]" = "iPhone Developer";
				COPY_PHASE_STRIP = NO;
				DEBUG_INFORMATION_FORMAT = dwarf;
				ENABLE_STRICT_OBJC_MSGSEND = YES;
				ENABLE_TESTABILITY = YES;
				GCC_C_LANGUAGE_STANDARD = gnu99;
				GCC_DYNAMIC_NO_PIC = NO;
				GCC_NO_COMMON_BLOCKS = YES;
				GCC_OPTIMIZATION_LEVEL = 0;
				GCC_PREPROCESSOR_DEFINITIONS = (
					"DEBUG=1",
					"$(inherited)",
				);
				GCC_WARN_64_TO_32_BIT_CONVERSION = YES;
				GCC_WARN_ABOUT_RETURN_TYPE = YES_ERROR;
				GCC_WARN_UNDECLARED_SELECTOR = YES;
				GCC_WARN_UNINITIALIZED_AUTOS = YES_AGGRESSIVE;
				GCC_WARN_UNUSED_FUNCTION = YES;
				GCC_WARN_UNUSED_VARIABLE = YES;
				IPHONEOS_DEPLOYMENT_TARGET = 9.3;
				MTL_ENABLE_DEBUG_INFO = YES;
				ONLY_ACTIVE_ARCH = YES;
				SDKROOT = iphoneos;
				SWIFT_OPTIMIZATION_LEVEL = "-Onone";
			};
			name = Debug;
		};
		3729C7771DD394D600A920DC /* Release */ = {
			isa = XCBuildConfiguration;
			buildSettings = {
				ALWAYS_SEARCH_USER_PATHS = NO;
				CLANG_ANALYZER_NONNULL = YES;
				CLANG_CXX_LANGUAGE_STANDARD = "gnu++0x";
				CLANG_CXX_LIBRARY = "libc++";
				CLANG_ENABLE_MODULES = YES;
				CLANG_ENABLE_OBJC_ARC = YES;
				CLANG_WARN_BOOL_CONVERSION = YES;
				CLANG_WARN_CONSTANT_CONVERSION = YES;
				CLANG_WARN_DIRECT_OBJC_ISA_USAGE = YES_ERROR;
				CLANG_WARN_EMPTY_BODY = YES;
				CLANG_WARN_ENUM_CONVERSION = YES;
				CLANG_WARN_INT_CONVERSION = YES;
				CLANG_WARN_OBJC_ROOT_CLASS = YES_ERROR;
				CLANG_WARN_UNREACHABLE_CODE = YES;
				CLANG_WARN__DUPLICATE_METHOD_MATCH = YES;
				"CODE_SIGN_IDENTITY[sdk=iphoneos*]" = "iPhone Developer";
				COPY_PHASE_STRIP = NO;
				DEBUG_INFORMATION_FORMAT = "dwarf-with-dsym";
				ENABLE_NS_ASSERTIONS = NO;
				ENABLE_STRICT_OBJC_MSGSEND = YES;
				GCC_C_LANGUAGE_STANDARD = gnu99;
				GCC_NO_COMMON_BLOCKS = YES;
				GCC_WARN_64_TO_32_BIT_CONVERSION = YES;
				GCC_WARN_ABOUT_RETURN_TYPE = YES_ERROR;
				GCC_WARN_UNDECLARED_SELECTOR = YES;
				GCC_WARN_UNINITIALIZED_AUTOS = YES_AGGRESSIVE;
				GCC_WARN_UNUSED_FUNCTION = YES;
				GCC_WARN_UNUSED_VARIABLE = YES;
				IPHONEOS_DEPLOYMENT_TARGET = 9.3;
				MTL_ENABLE_DEBUG_INFO = NO;
				SDKROOT = iphoneos;
				VALIDATE_PRODUCT = YES;
			};
			name = Release;
		};
		3729C7791DD394D600A920DC /* Debug */ = {
			isa = XCBuildConfiguration;
			buildSettings = {
				ASSETCATALOG_COMPILER_APPICON_NAME = AppIcon;
				INFOPLIST_FILE = TaskAnalysis/Info.plist;
				LD_RUNPATH_SEARCH_PATHS = "$(inherited) @executable_path/Frameworks";
				PRODUCT_BUNDLE_IDENTIFIER = com.greggettings.TaskAnalysis;
				PRODUCT_NAME = "$(TARGET_NAME)";
			};
			name = Debug;
		};
		3729C77A1DD394D600A920DC /* Release */ = {
			isa = XCBuildConfiguration;
			buildSettings = {
				ASSETCATALOG_COMPILER_APPICON_NAME = AppIcon;
				INFOPLIST_FILE = TaskAnalysis/Info.plist;
				LD_RUNPATH_SEARCH_PATHS = "$(inherited) @executable_path/Frameworks";
				PRODUCT_BUNDLE_IDENTIFIER = com.greggettings.TaskAnalysis;
				PRODUCT_NAME = "$(TARGET_NAME)";
			};
			name = Release;
		};
/* End XCBuildConfiguration section */

/* Begin XCConfigurationList section */
		3729C75E1DD394D500A920DC /* Build configuration list for PBXProject "TaskAnalysis" */ = {
			isa = XCConfigurationList;
			buildConfigurations = (
				3729C7761DD394D600A920DC /* Debug */,
				3729C7771DD394D600A920DC /* Release */,
			);
			defaultConfigurationIsVisible = 0;
			defaultConfigurationName = Release;
		};
		3729C7781DD394D600A920DC /* Build configuration list for PBXNativeTarget "TaskAnalysis" */ = {
			isa = XCConfigurationList;
			buildConfigurations = (
				3729C7791DD394D600A920DC /* Debug */,
				3729C77A1DD394D600A920DC /* Release */,
			);
			defaultConfigurationIsVisible = 0;
			defaultConfigurationName = Release;
		};
/* End XCConfigurationList section */

/* Begin XCVersionGroup section */
		3729C76D1DD394D600A920DC /* TaskAnalysis.xcdatamodeld */ = {
			isa = XCVersionGroup;
			children = (
				3729C76E1DD394D600A920DC /* TaskAnalysis.xcdatamodel */,
			);
			currentVersion = 3729C76E1DD394D600A920DC /* TaskAnalysis.xcdatamodel */;
			path = TaskAnalysis.xcdatamodeld;
			sourceTree = "<group>";
			versionGroupType = wrapper.xcdatamodel;
		};
/* End XCVersionGroup section */
	};
	rootObject = 3729C75B1DD394D500A920DC /* Project object */;
}
